{
  "name": "@emsenn/software-mission-execution-service",
  "version": "1.0.0",
  "lockfileVersion": 3,
  "requires": true,
  "packages": {
    "": {
      "name": "@emsenn/software-mission-execution-service",
      "version": "1.0.0",
      "dependencies": {
        "@a2a-js/sdk": "1.0.0-beta.0",
        "@emsenn/a2a-contracted-agent-service": "file:../../../web-services-section/services/a2a-services-section/services/a2a-contracted-agent-service",
        "@emsenn/a2a-rmn-part-service": "file:../../../web-services-section/services/a2a-services-section/services/a2a-rmn-part-service",
        "@emsenn/a2a-rmn-task-client-service": "file:../../../web-services-section/services/a2a-services-section/services/a2a-rmn-task-client-service",
        "@emsenn/coding-context-projection-service": "file:../coding-context-projection-service",
        "@emsenn/inference-work-lot-service": "file:../../../../../../../board-of-directors/services/executive-office/services/working-services-section/services/inference-work-lot-service",
        "@emsenn/protected-acceptance-service": "file:../protected-acceptance-service",
        "@emsenn/rmn-semantic-conformance": "file:../../../../../lenticule-science/services/obsmetrological-services-section/services/rmn-semantic-conformance",
        "@emsenn/rwil-rdf-services": "file:../../../../../lenticule-science/services/obsmetrological-services-section/services/rwil-rdf-services",
        "@emsenn/sandbox-command-execution-service": "file:../sandbox-command-execution-service",
        "@emsenn/software-edit-language-service": "file:../software-edit-language-service",
        "@emsenn/software-trajectory-memory-service": "file:../software-trajectory-memory-service"
      },
      "bin": {
        "execute-software-mission-a2a-message": "bin/execute-a2a-message.mjs",
        "serve-software-mission-a2a": "bin/serve-a2a.mjs"
      },
      "engines": {
        "node": ">=22"
      }
    },
    "../../../../../../../board-of-directors/services/executive-office/services/working-services-section/services/inference-work-lot-service": {
      "name": "@emsenn/inference-work-lot-service",
      "version": "4.0.0",
      "license": "UNLICENSED",
      "dependencies": {
        "@a2a-js/sdk": "1.0.0-beta.0",
        "@emsenn/a2a-agent-card-discovery-service": "file:../../../../../../../561-group/services/red-cup-engineering/services/web-services-section/services/a2a-services-section/services/a2a-agent-card-discovery-service",
        "@emsenn/a2a-agent-card-key-service": "file:../../../../../../../561-group/services/red-cup-engineering/services/web-services-section/services/a2a-services-section/services/a2a-agent-card-key-service",
        "@emsenn/a2a-contracted-agent-service": "file:../../../../../../../561-group/services/red-cup-engineering/services/web-services-section/services/a2a-services-section/services/a2a-contracted-agent-service",
        "@emsenn/a2a-rmn-part-service": "file:../../../../../../../561-group/services/red-cup-engineering/services/web-services-section/services/a2a-services-section/services/a2a-rmn-part-service",
        "@emsenn/a2a-rmn-task-client-service": "file:../../../../../../../561-group/services/red-cup-engineering/services/web-services-section/services/a2a-services-section/services/a2a-rmn-task-client-service",
        "@emsenn/rmn-semantic-conformance": "file:../../../../../../../561-group/services/lenticule-science/services/obsmetrological-services-section/services/rmn-semantic-conformance",
        "@emsenn/rwil-rdf-services": "file:../../../../../../../561-group/services/lenticule-science/services/obsmetrological-services-section/services/rwil-rdf-services",
        "@emsenn/wit-transition-assay": "file:../../../../../../../561-group/services/lenticule-science/services/obsmetrological-services-section/services/wit-transition-assay",
        "@modelcontextprotocol/sdk": "1.29.0",
        "ajv": "8.20.0",
        "zod": "4.3.6"
      },
      "bin": {
        "check-codex-inference-market": "bin/check-codex-market.mjs",
        "close-pending-consideration": "bin/close-pending-consideration.mjs",
        "exercise-npu-procurement": "bin/exercise-npu-procurement.mjs",
        "serve-codex-inference-market": "bin/serve-codex-mcp.mjs",
        "serve-inference-work-lot-a2a": "bin/server.mjs",
        "smoke-codex-inference-mcp": "bin/smoke-codex-mcp.mjs"
      }
    },
    "../../../../../lenticule-science/services/obsmetrological-services-section/services/rmn-semantic-conformance": {
      "name": "@emsenn/rmn-semantic-conformance",
      "version": "6.0.0",
      "dependencies": {
        "@a2a-js/sdk": "1.0.0-beta.0",
        "@emsenn/a2a-agent-card-key-service": "file:../../../../../red-cup-engineering/services/web-services-section/services/a2a-services-section/services/a2a-agent-card-key-service",
        "@emsenn/a2a-contracted-agent-service": "file:../../../../../red-cup-engineering/services/web-services-section/services/a2a-services-section/services/a2a-contracted-agent-service",
        "@emsenn/a2a-rmn-part-service": "file:../../../../../red-cup-engineering/services/web-services-section/services/a2a-services-section/services/a2a-rmn-part-service",
        "@emsenn/a2a-rmn-task-client-service": "file:../../../../../red-cup-engineering/services/web-services-section/services/a2a-services-section/services/a2a-rmn-task-client-service"
      },
      "bin": {
        "serve-rmn-a2a": "bin/server.mjs"
      },
      "engines": {
        "node": ">=20"
      }
    },
    "../../../../../lenticule-science/services/obsmetrological-services-section/services/rwil-rdf-services": {
      "name": "@emsenn/rwil-rdf-services",
      "version": "1.0.0",
      "dependencies": {
        "@a2a-js/sdk": "1.0.0-beta.0",
        "@emsenn/a2a-agent-card-key-service": "file:../../../../../red-cup-engineering/services/web-services-section/services/a2a-services-section/services/a2a-agent-card-key-service",
        "@emsenn/a2a-contracted-agent-service": "file:../../../../../red-cup-engineering/services/web-services-section/services/a2a-services-section/services/a2a-contracted-agent-service",
        "@emsenn/a2a-rmn-part-service": "file:../../../../../red-cup-engineering/services/web-services-section/services/a2a-services-section/services/a2a-rmn-part-service",
        "@emsenn/rmn-semantic-conformance": "file:../rmn-semantic-conformance",
        "rdf-canonize": "5.0.0"
      },
      "bin": {
        "serve-rwil-rdf-a2a": "bin/server.mjs"
      },
      "engines": {
        "node": ">=20"
      }
    },
    "../../../web-services-section/services/a2a-services-section/services/a2a-contracted-agent-service": {
      "name": "@emsenn/a2a-contracted-agent-service",
      "version": "1.0.0",
      "dependencies": {
        "@a2a-js/sdk": "1.0.0-beta.0",
        "@emsenn/a2a-agent-card-discovery-service": "file:../a2a-agent-card-discovery-service",
        "@emsenn/a2a-agent-card-key-service": "file:../a2a-agent-card-key-service",
        "@emsenn/a2a-rmn-part-service": "file:../a2a-rmn-part-service",
        "@emsenn/a2a-rmn-task-client-service": "file:../a2a-rmn-task-client-service",
        "express": "5.1.0",
        "jose": "6.2.3"
      },
      "bin": {
        "serve-contracted-a2a-agent": "src/serve-contracted-agent.mjs"
      }
    },
    "../../../web-services-section/services/a2a-services-section/services/a2a-rmn-part-service": {
      "name": "@emsenn/a2a-rmn-part-service",
      "version": "1.0.0",
      "dependencies": {
        "@a2a-js/sdk": "1.0.0-beta.0"
      }
    },
    "../../../web-services-section/services/a2a-services-section/services/a2a-rmn-task-client-service": {
      "name": "@emsenn/a2a-rmn-task-client-service",
      "version": "1.0.0",
      "dependencies": {
        "@a2a-js/sdk": "1.0.0-beta.0",
        "@emsenn/a2a-agent-card-discovery-service": "file:../a2a-agent-card-discovery-service",
        "@emsenn/a2a-rmn-part-service": "file:../a2a-rmn-part-service",
        "@emsenn/rmn-semantic-conformance": "file:../../../../../../../lenticule-science/services/obsmetrological-services-section/services/rmn-semantic-conformance"
      },
      "bin": {
        "send-rmn-a2a-task": "src/send-rmn-task.mjs"
      }
    },
    "../coding-context-projection-service": {
      "name": "@emsenn/coding-context-projection-service",
      "version": "1.0.0",
      "dependencies": {
        "@emsenn/sandbox-command-execution-service": "file:../sandbox-command-execution-service"
      }
    },
    "../protected-acceptance-service": {
      "name": "@emsenn/protected-acceptance-service",
      "version": "1.0.0",
      "dependencies": {
        "@a2a-js/sdk": "1.0.0-beta.0",
        "@emsenn/a2a-contracted-agent-service": "file:../../../web-services-section/services/a2a-services-section/services/a2a-contracted-agent-service",
        "@emsenn/a2a-rmn-part-service": "file:../../../web-services-section/services/a2a-services-section/services/a2a-rmn-part-service",
        "@emsenn/a2a-rmn-task-client-service": "file:../../../web-services-section/services/a2a-services-section/services/a2a-rmn-task-client-service",
        "@emsenn/acceptance-oracle-assay-service": "file:../acceptance-oracle-assay-service",
        "@emsenn/rmn-semantic-conformance": "file:../../../../../lenticule-science/services/obsmetrological-services-section/services/rmn-semantic-conformance",
        "@emsenn/rwil-rdf-services": "file:../../../../../lenticule-science/services/obsmetrological-services-section/services/rwil-rdf-services",
        "@emsenn/sandbox-command-execution-service": "file:../sandbox-command-execution-service"
      },
      "engines": {
        "node": ">=22"
      }
    },
    "../sandbox-command-execution-service": {
      "name": "@emsenn/sandbox-command-execution-service",
      "version": "1.0.0"
    },
    "../software-edit-language-service": {
      "name": "@emsenn/software-edit-language-service",
      "version": "1.0.0"
    },
    "../software-trajectory-memory-service": {
      "name": "@emsenn/software-trajectory-memory-service",
      "version": "1.0.0",
      "dependencies": {
        "@a2a-js/sdk": "1.0.0-beta.0",
        "@emsenn/a2a-contracted-agent-service": "file:../../../web-services-section/services/a2a-services-section/services/a2a-contracted-agent-service",
        "@emsenn/a2a-rmn-part-service": "file:../../../web-services-section/services/a2a-services-section/services/a2a-rmn-part-service",
        "@emsenn/a2a-rmn-task-client-service": "file:../../../web-services-section/services/a2a-services-section/services/a2a-rmn-task-client-service",
        "@emsenn/rmn-semantic-conformance": "file:../../../../../lenticule-science/services/obsmetrological-services-section/services/rmn-semantic-conformance",
        "@emsenn/rwil-rdf-services": "file:../../../../../lenticule-science/services/obsmetrological-services-section/services/rwil-rdf-services"
      },
      "engines": {
        "node": ">=22"
      }
    },
    "node_modules/@a2a-js/sdk": {
      "version": "1.0.0-beta.0",
      "resolved": "https://registry.npmjs.org/@a2a-js/sdk/-/sdk-1.0.0-beta.0.tgz",
      "integrity": "sha512-1k2GJdATg0ZJMNVD0jqox+oE5teUaUbJWx5ooSW2i3hA/B00Ev6kK3hZuxcsoZYbYvp8eAyppU3rvjTpglzdcg==",
      "license": "Apache-2.0",
      "dependencies": {
        "jose": "^6.2.3",
        "uuid": "^11.1.0"
      },
      "engines": {
        "node": ">=20"
      },
      "peerDependencies": {
        "@bufbuild/protobuf": "^2.10.2",
        "@grpc/grpc-js": "^1.11.0",
        "express": "^4.21.2 || ^5.1.0"
      },
      "peerDependenciesMeta": {
        "@bufbuild/protobuf": {
          "optional": true
        },
        "@grpc/grpc-js": {
          "optional": true
        },
        "express": {
          "optional": true
        }
      }
    },
    "node_modules/@emsenn/a2a-contracted-agent-service": {
      "resolved": "../../../web-services-section/services/a2a-services-section/services/a2a-contracted-agent-service",
      "link": true
    },
    "node_modules/@emsenn/a2a-rmn-part-service": {
      "resolved": "../../../web-services-section/services/a2a-services-section/services/a2a-rmn-part-service",
      "link": true
    },
    "node_modules/@emsenn/a2a-rmn-task-client-service": {
      "resolved": "../../../web-services-section/services/a2a-services-section/services/a2a-rmn-task-client-service",
      "link": true
    },
    "node_modules/@emsenn/coding-context-projection-service": {
      "resolved": "../coding-context-projection-service",
      "link": true
    },
    "node_modules/@emsenn/inference-work-lot-service": {
      "resolved": "../../../../../../../board-of-directors/services/executive-office/services/working-services-section/services/inference-work-lot-service",
      "link": true
    },
    "node_modules/@emsenn/protected-acceptance-service": {
      "resolved": "../protected-acceptance-service",
      "link": true
    },
    "node_modules/@emsenn/rmn-semantic-conformance": {
      "resolved": "../../../../../lenticule-science/services/obsmetrological-services-section/services/rmn-semantic-conformance",
      "link": true
    },
    "node_modules/@emsenn/rwil-rdf-services": {
      "resolved": "../../../../../lenticule-science/services/obsmetrological-services-section/services/rwil-rdf-services",
      "link": true
    },
    "node_modules/@emsenn/sandbox-command-execution-service": {
      "resolved": "../sandbox-command-execution-service",
      "link": true
    },
    "node_modules/@emsenn/software-edit-language-service": {
      "resolved": "../software-edit-language-service",
      "link": true
    },
    "node_modules/@emsenn/software-trajectory-memory-service": {
      "resolved": "../software-trajectory-memory-service",
      "link": true
    },
    "node_modules/jose": {
      "version": "6.2.3",
      "resolved": "https://registry.npmjs.org/jose/-/jose-6.2.3.tgz",
      "integrity": "sha512-YYVDInQKFJfR/xa3ojUTl8c2KoTwiL1R5Wg9YCydwH0x0B9grbzlg5HC7mMjCtUJjbQ/YnGEZIhI5tCgfTb4Hw==",
      "license": "MIT",
      "funding": {
        "url": "https://github.com/sponsors/panva"
      }
    },
    "node_modules/uuid": {
      "version": "11.1.1",
      "resolved": "https://registry.npmjs.org/uuid/-/uuid-11.1.1.tgz",
      "integrity": "sha512-vIYxrBCC/N/K+Js3qSN88go7kIfNPssr/hHCesKCQNAjmgvYS2oqr69kIufEG+O4+PfezOH4EbIeHCfFov8ZgQ==",
      "funding": [
        "https://github.com/sponsors/broofa",
        "https://github.com/sponsors/ctavan"
      ],
      "license": "MIT",
      "bin": {
        "uuid": "dist/esm/bin/uuid"
      }
    }
  }
}
